
Microsoft Visual Studio Solution File, Format Version 12.00
# Visual Studio 14
VisualStudioVersion = 14.0.25420.1
MinimumVisualStudioVersion = 10.0.40219.1
Project("{FAE04EC0-301F-11D3-BF4B-00C04F79EFBC}") = "BeEmote.Client.WPF", "BeEmote.Client.WPF\BeEmote.Client.WPF.csproj", "{BC28B6B0-2700-4D12-9A2E-92F875DD94B4}"
EndProject
Project("{FAE04EC0-301F-11D3-BF4B-00C04F79EFBC}") = "BeEmote.Core", "BeEmote.Core\BeEmote.Core.csproj", "{53842A7F-B2EB-44B3-AB29-4215B8559FDA}"
EndProject
Project("{FAE04EC0-301F-11D3-BF4B-00C04F79EFBC}") = "BeEmote.Services", "BeEmote.Services\BeEmote.Services.csproj", "{A6ED0062-53FD-4030-A090-68E23D6F6BBD}"
EndProject
Global
	GlobalSection(SolutionConfigurationPlatforms) = preSolution
		Debug|Any CPU = Debug|Any CPU
		Release|Any CPU = Release|Any CPU
	EndGlobalSection
	GlobalSection(ProjectConfigurationPlatforms) = postSolution
		{BC28B6B0-2700-4D12-9A2E-92F875DD94B4}.Debug|Any CPU.ActiveCfg = Debug|Any CPU
		{BC28B6B0-2700-4D12-9A2E-92F875DD94B4}.Debug|Any CPU.Build.0 = Debug|Any CPU
		{BC28B6B0-2700-4D12-9A2E-92F875DD94B4}.Release|Any CPU.ActiveCfg = Release|Any CPU
		{BC28B6B0-2700-4D12-9A2E-92F875DD94B4}.Release|Any CPU.Build.0 = Release|Any CPU
		{53842A7F-B2EB-44B3-AB29-4215B8559FDA}.Debug|Any CPU.ActiveCfg = Debug|Any CPU
		{53842A7F-B2EB-44B3-AB29-4215B8559FDA}.Debug|Any CPU.Build.0 = Debug|Any CPU
		{53842A7F-B2EB-44B3-AB29-4215B8559FDA}.Release|Any CPU.ActiveCfg = Release|Any CPU
		{53842A7F-B2EB-44B3-AB29-4215B8559FDA}.Release|Any CPU.Build.0 = Release|Any CPU
		{A6ED0062-53FD-4030-A090-68E23D6F6BBD}.Debug|Any CPU.ActiveCfg = Debug|Any CPU
		{A6ED0062-53FD-4030-A090-68E23D6F6BBD}.Debug|Any CPU.Build.0 = Debug|Any CPU
		{A6ED0062-53FD-4030-A090-68E23D6F6BBD}.Release|Any CPU.ActiveCfg = Release|Any CPU
		{A6ED0062-53FD-4030-A090-68E23D6F6BBD}.Release|Any CPU.Build.0 = Release|Any CPU
	EndGlobalSection
	GlobalSection(SolutionProperties) = preSolution
		HideSolutionNode = FALSE
	EndGlobalSection
EndGlobal
